
Microsoft Visual Studio Solution File, Format Version 12.00
# Visual Studio Version 17
VisualStudioVersion = 17.5.33530.505
MinimumVisualStudioVersion = 10.0.40219.1
Project("{8BC9CEB8-8B4A-11D0-8D11-00A0C91BC942}") = "BigCPlay", "BigCPlay\BigCPlay.vcxproj", "{F15C966D-95B7-43CC-AD14-303B4F633D2D}"
EndProject
Global
	GlobalSection(SolutionConfigurationPlatforms) = preSolution
		Debug|x64 = Debug|x64
		Release|x64 = Release|x64
	EndGlobalSection
	GlobalSection(ProjectConfigurationPlatforms) = postSolution
		{F15C966D-95B7-43CC-AD14-303B4F633D2D}.Debug|x64.ActiveCfg = Debug|x64
		{F15C966D-95B7-43CC-AD14-303B4F633D2D}.Debug|x64.Build.0 = Debug|x64
		{F15C966D-95B7-43CC-AD14-303B4F633D2D}.Release|x64.ActiveCfg = Release|x64
		{F15C966D-95B7-43CC-AD14-303B4F633D2D}.Release|x64.Build.0 = Release|x64
	EndGlobalSection
	GlobalSection(SolutionProperties) = preSolution
		HideSolutionNode = FALSE
	EndGlobalSection
	GlobalSection(ExtensibilityGlobals) = postSolution
		SolutionGuid = {B432DAB1-094F-43FF-B22D-ED5B8B6BDE61}
	EndGlobalSection
EndGlobal
